
Microsoft Visual Studio Solution File, Format Version 12.00
# Visual Studio Version 17
VisualStudioVersion = 17.4.33213.308
MinimumVisualStudioVersion = 10.0.40219.1
Project("{FAE04EC0-301F-11D3-BF4B-00C04F79EFBC}") = "WPF.Task01.CarWithMVVM", "WPF.Task01.CarWithMVVM\WPF.Task01.CarWithMVVM.csproj", "{26AC7AFD-DF63-4D27-AEAA-DC5F2E26ACC4}"
EndProject
Global
	GlobalSection(SolutionConfigurationPlatforms) = preSolution
		Debug|Any CPU = Debug|Any CPU
		Release|Any CPU = Release|Any CPU
	EndGlobalSection
	GlobalSection(ProjectConfigurationPlatforms) = postSolution
		{26AC7AFD-DF63-4D27-AEAA-DC5F2E26ACC4}.Debug|Any CPU.ActiveCfg = Debug|Any CPU
		{26AC7AFD-DF63-4D27-AEAA-DC5F2E26ACC4}.Debug|Any CPU.Build.0 = Debug|Any CPU
		{26AC7AFD-DF63-4D27-AEAA-DC5F2E26ACC4}.Release|Any CPU.ActiveCfg = Release|Any CPU
		{26AC7AFD-DF63-4D27-AEAA-DC5F2E26ACC4}.Release|Any CPU.Build.0 = Release|Any CPU
	EndGlobalSection
	GlobalSection(SolutionProperties) = preSolution
		HideSolutionNode = FALSE
	EndGlobalSection
	GlobalSection(ExtensibilityGlobals) = postSolution
		SolutionGuid = {A328B65A-35E7-45CE-90C5-3710C8631E30}
	EndGlobalSection
EndGlobal
