
Microsoft Visual Studio Solution File, Format Version 12.00
# Visual Studio Version 17
VisualStudioVersion = 17.4.33213.308
MinimumVisualStudioVersion = 10.0.40219.1
Project("{FAE04EC0-301F-11D3-BF4B-00C04F79EFBC}") = "1-WeatherApp(Delegates)", "1-WeatherApp(Delegates)\1-WeatherApp(Delegates).csproj", "{C5A00A6E-0BB5-4EF4-9201-699F7504E308}"
EndProject
Project("{FAE04EC0-301F-11D3-BF4B-00C04F79EFBC}") = "2-GameObserver", "2-GameObserver\2-GameObserver.csproj", "{939EFD42-2F0C-4917-A7AA-0AE094778650}"
EndProject
Project("{9A19103F-16F7-4668-BE54-9A1E7A4F7556}") = "3-GameStrategy", "3-GameStrategy\3-GameStrategy.csproj", "{F4DEE21D-F604-430B-A592-B1B59CB3FD22}"
EndProject
Project("{FAE04EC0-301F-11D3-BF4B-00C04F79EFBC}") = "4-GameDecorator", "4-GameDecorator\4-GameDecorator.csproj", "{BA697EC2-659E-4425-82FF-11CED9C79211}"
EndProject
Project("{FAE04EC0-301F-11D3-BF4B-00C04F79EFBC}") = "5-GameBuilder", "5-GameBuilder\5-GameBuilder.csproj", "{E54BE344-AB68-408E-A44F-52214E91E6A5}"
EndProject
Global
	GlobalSection(SolutionConfigurationPlatforms) = preSolution
		Debug|Any CPU = Debug|Any CPU
		Release|Any CPU = Release|Any CPU
	EndGlobalSection
	GlobalSection(ProjectConfigurationPlatforms) = postSolution
		{C5A00A6E-0BB5-4EF4-9201-699F7504E308}.Debug|Any CPU.ActiveCfg = Debug|Any CPU
		{C5A00A6E-0BB5-4EF4-9201-699F7504E308}.Debug|Any CPU.Build.0 = Debug|Any CPU
		{C5A00A6E-0BB5-4EF4-9201-699F7504E308}.Release|Any CPU.ActiveCfg = Release|Any CPU
		{C5A00A6E-0BB5-4EF4-9201-699F7504E308}.Release|Any CPU.Build.0 = Release|Any CPU
		{939EFD42-2F0C-4917-A7AA-0AE094778650}.Debug|Any CPU.ActiveCfg = Debug|Any CPU
		{939EFD42-2F0C-4917-A7AA-0AE094778650}.Debug|Any CPU.Build.0 = Debug|Any CPU
		{939EFD42-2F0C-4917-A7AA-0AE094778650}.Release|Any CPU.ActiveCfg = Release|Any CPU
		{939EFD42-2F0C-4917-A7AA-0AE094778650}.Release|Any CPU.Build.0 = Release|Any CPU
		{F4DEE21D-F604-430B-A592-B1B59CB3FD22}.Debug|Any CPU.ActiveCfg = Debug|Any CPU
		{F4DEE21D-F604-430B-A592-B1B59CB3FD22}.Debug|Any CPU.Build.0 = Debug|Any CPU
		{F4DEE21D-F604-430B-A592-B1B59CB3FD22}.Release|Any CPU.ActiveCfg = Release|Any CPU
		{F4DEE21D-F604-430B-A592-B1B59CB3FD22}.Release|Any CPU.Build.0 = Release|Any CPU
		{BA697EC2-659E-4425-82FF-11CED9C79211}.Debug|Any CPU.ActiveCfg = Debug|Any CPU
		{BA697EC2-659E-4425-82FF-11CED9C79211}.Debug|Any CPU.Build.0 = Debug|Any CPU
		{BA697EC2-659E-4425-82FF-11CED9C79211}.Release|Any CPU.ActiveCfg = Release|Any CPU
		{BA697EC2-659E-4425-82FF-11CED9C79211}.Release|Any CPU.Build.0 = Release|Any CPU
		{E54BE344-AB68-408E-A44F-52214E91E6A5}.Debug|Any CPU.ActiveCfg = Debug|Any CPU
		{E54BE344-AB68-408E-A44F-52214E91E6A5}.Debug|Any CPU.Build.0 = Debug|Any CPU
		{E54BE344-AB68-408E-A44F-52214E91E6A5}.Release|Any CPU.ActiveCfg = Release|Any CPU
		{E54BE344-AB68-408E-A44F-52214E91E6A5}.Release|Any CPU.Build.0 = Release|Any CPU
	EndGlobalSection
	GlobalSection(SolutionProperties) = preSolution
		HideSolutionNode = FALSE
	EndGlobalSection
	GlobalSection(ExtensibilityGlobals) = postSolution
		SolutionGuid = {CDB7B33A-281E-429A-9968-B0DE751C5EBB}
	EndGlobalSection
EndGlobal
