
Microsoft Visual Studio Solution File, Format Version 12.00
# Visual Studio Version 17
VisualStudioVersion = 17.4.33213.308
MinimumVisualStudioVersion = 10.0.40219.1
Project("{9A19103F-16F7-4668-BE54-9A1E7A4F7556}") = "ExaminationSystem", "ExaminationSystem.csproj", "{062544E7-25D4-4988-8C49-FA36BE6C55EB}"
EndProject
Global
	GlobalSection(SolutionConfigurationPlatforms) = preSolution
		Debug|Any CPU = Debug|Any CPU
		Release|Any CPU = Release|Any CPU
	EndGlobalSection
	GlobalSection(ProjectConfigurationPlatforms) = postSolution
		{062544E7-25D4-4988-8C49-FA36BE6C55EB}.Debug|Any CPU.ActiveCfg = Debug|Any CPU
		{062544E7-25D4-4988-8C49-FA36BE6C55EB}.Debug|Any CPU.Build.0 = Debug|Any CPU
		{062544E7-25D4-4988-8C49-FA36BE6C55EB}.Release|Any CPU.ActiveCfg = Release|Any CPU
		{062544E7-25D4-4988-8C49-FA36BE6C55EB}.Release|Any CPU.Build.0 = Release|Any CPU
	EndGlobalSection
	GlobalSection(SolutionProperties) = preSolution
		HideSolutionNode = FALSE
	EndGlobalSection
	GlobalSection(ExtensibilityGlobals) = postSolution
		SolutionGuid = {34EBEB4E-D02C-4BB8-9D18-7A591AA45CEB}
	EndGlobalSection
EndGlobal
