
Microsoft Visual Studio Solution File, Format Version 12.00
# Visual Studio Version 17
VisualStudioVersion = 17.4.33213.308
MinimumVisualStudioVersion = 10.0.40219.1
Project("{9A19103F-16F7-4668-BE54-9A1E7A4F7556}") = "1-GridView", "1-GridView.csproj", "{61E17611-C0B4-4DDD-B7CD-DA213630B036}"
EndProject
Project("{9A19103F-16F7-4668-BE54-9A1E7A4F7556}") = "2-DetailedView", "..\2-DetailedView\2-DetailedView.csproj", "{765EAEE6-3F87-416F-AE70-E28307E0BA80}"
EndProject
Global
	GlobalSection(SolutionConfigurationPlatforms) = preSolution
		Debug|Any CPU = Debug|Any CPU
		Release|Any CPU = Release|Any CPU
	EndGlobalSection
	GlobalSection(ProjectConfigurationPlatforms) = postSolution
		{61E17611-C0B4-4DDD-B7CD-DA213630B036}.Debug|Any CPU.ActiveCfg = Debug|Any CPU
		{61E17611-C0B4-4DDD-B7CD-DA213630B036}.Debug|Any CPU.Build.0 = Debug|Any CPU
		{61E17611-C0B4-4DDD-B7CD-DA213630B036}.Release|Any CPU.ActiveCfg = Release|Any CPU
		{61E17611-C0B4-4DDD-B7CD-DA213630B036}.Release|Any CPU.Build.0 = Release|Any CPU
		{765EAEE6-3F87-416F-AE70-E28307E0BA80}.Debug|Any CPU.ActiveCfg = Debug|Any CPU
		{765EAEE6-3F87-416F-AE70-E28307E0BA80}.Debug|Any CPU.Build.0 = Debug|Any CPU
		{765EAEE6-3F87-416F-AE70-E28307E0BA80}.Release|Any CPU.ActiveCfg = Release|Any CPU
		{765EAEE6-3F87-416F-AE70-E28307E0BA80}.Release|Any CPU.Build.0 = Release|Any CPU
	EndGlobalSection
	GlobalSection(SolutionProperties) = preSolution
		HideSolutionNode = FALSE
	EndGlobalSection
	GlobalSection(ExtensibilityGlobals) = postSolution
		SolutionGuid = {86BB29B3-CF6D-4DE4-8D98-4343FCE83186}
	EndGlobalSection
EndGlobal
