
Microsoft Visual Studio Solution File, Format Version 12.00
# Visual Studio Version 17
VisualStudioVersion = 17.4.33213.308
MinimumVisualStudioVersion = 10.0.40219.1
Project("{9A19103F-16F7-4668-BE54-9A1E7A4F7556}") = "Lecutre-ADO.net-testing", "Lecutre-ADO.net-testing.csproj", "{E0F18BDA-6FD5-43E1-A8D8-C4867EFDAF06}"
EndProject
Global
	GlobalSection(SolutionConfigurationPlatforms) = preSolution
		Debug|Any CPU = Debug|Any CPU
		Release|Any CPU = Release|Any CPU
	EndGlobalSection
	GlobalSection(ProjectConfigurationPlatforms) = postSolution
		{E0F18BDA-6FD5-43E1-A8D8-C4867EFDAF06}.Debug|Any CPU.ActiveCfg = Debug|Any CPU
		{E0F18BDA-6FD5-43E1-A8D8-C4867EFDAF06}.Debug|Any CPU.Build.0 = Debug|Any CPU
		{E0F18BDA-6FD5-43E1-A8D8-C4867EFDAF06}.Release|Any CPU.ActiveCfg = Release|Any CPU
		{E0F18BDA-6FD5-43E1-A8D8-C4867EFDAF06}.Release|Any CPU.Build.0 = Release|Any CPU
	EndGlobalSection
	GlobalSection(SolutionProperties) = preSolution
		HideSolutionNode = FALSE
	EndGlobalSection
	GlobalSection(ExtensibilityGlobals) = postSolution
		SolutionGuid = {8A018D6A-C7F9-4F99-B568-F27FC4C32A5E}
	EndGlobalSection
EndGlobal
