
Microsoft Visual Studio Solution File, Format Version 12.00
# Visual Studio Version 17
VisualStudioVersion = 17.4.33213.308
MinimumVisualStudioVersion = 10.0.40219.1
Project("{FAE04EC0-301F-11D3-BF4B-00C04F79EFBC}") = "CompanyValidationV2", "CompanyValidationV2\CompanyValidationV2.csproj", "{3D0CEE30-EA3C-4CDC-9CA0-28789DD63FB4}"
EndProject
Global
	GlobalSection(SolutionConfigurationPlatforms) = preSolution
		Debug|Any CPU = Debug|Any CPU
		Release|Any CPU = Release|Any CPU
	EndGlobalSection
	GlobalSection(ProjectConfigurationPlatforms) = postSolution
		{3D0CEE30-EA3C-4CDC-9CA0-28789DD63FB4}.Debug|Any CPU.ActiveCfg = Debug|Any CPU
		{3D0CEE30-EA3C-4CDC-9CA0-28789DD63FB4}.Debug|Any CPU.Build.0 = Debug|Any CPU
		{3D0CEE30-EA3C-4CDC-9CA0-28789DD63FB4}.Release|Any CPU.ActiveCfg = Release|Any CPU
		{3D0CEE30-EA3C-4CDC-9CA0-28789DD63FB4}.Release|Any CPU.Build.0 = Release|Any CPU
	EndGlobalSection
	GlobalSection(SolutionProperties) = preSolution
		HideSolutionNode = FALSE
	EndGlobalSection
	GlobalSection(ExtensibilityGlobals) = postSolution
		SolutionGuid = {A757FD20-66AB-4181-8C25-65D244C2D7AB}
	EndGlobalSection
EndGlobal
