
Microsoft Visual Studio Solution File, Format Version 12.00
# Visual Studio Version 17
VisualStudioVersion = 17.4.33213.308
MinimumVisualStudioVersion = 10.0.40219.1
Project("{FAE04EC0-301F-11D3-BF4B-00C04F79EFBC}") = "1-clickMe", "1-clickMe\1-clickMe.csproj", "{4B6EB5A5-07FB-43AF-BB02-3F3D3DDC0875}"
EndProject
Project("{FAE04EC0-301F-11D3-BF4B-00C04F79EFBC}") = "2-yellowBox", "..\2-yellowBox\2-yellowBox.csproj", "{1864A05C-7CA5-493A-A9C5-3770C27AF4C3}"
EndProject
Project("{FAE04EC0-301F-11D3-BF4B-00C04F79EFBC}") = "3-Calculator", "..\3-Calculator\3-Calculator.csproj", "{E45BB3BA-8578-462F-8FB3-BF19EC5314A2}"
EndProject
Global
	GlobalSection(SolutionConfigurationPlatforms) = preSolution
		Debug|Any CPU = Debug|Any CPU
		Release|Any CPU = Release|Any CPU
	EndGlobalSection
	GlobalSection(ProjectConfigurationPlatforms) = postSolution
		{4B6EB5A5-07FB-43AF-BB02-3F3D3DDC0875}.Debug|Any CPU.ActiveCfg = Debug|Any CPU
		{4B6EB5A5-07FB-43AF-BB02-3F3D3DDC0875}.Debug|Any CPU.Build.0 = Debug|Any CPU
		{4B6EB5A5-07FB-43AF-BB02-3F3D3DDC0875}.Release|Any CPU.ActiveCfg = Release|Any CPU
		{4B6EB5A5-07FB-43AF-BB02-3F3D3DDC0875}.Release|Any CPU.Build.0 = Release|Any CPU
		{1864A05C-7CA5-493A-A9C5-3770C27AF4C3}.Debug|Any CPU.ActiveCfg = Debug|Any CPU
		{1864A05C-7CA5-493A-A9C5-3770C27AF4C3}.Debug|Any CPU.Build.0 = Debug|Any CPU
		{1864A05C-7CA5-493A-A9C5-3770C27AF4C3}.Release|Any CPU.ActiveCfg = Release|Any CPU
		{1864A05C-7CA5-493A-A9C5-3770C27AF4C3}.Release|Any CPU.Build.0 = Release|Any CPU
		{E45BB3BA-8578-462F-8FB3-BF19EC5314A2}.Debug|Any CPU.ActiveCfg = Debug|Any CPU
		{E45BB3BA-8578-462F-8FB3-BF19EC5314A2}.Debug|Any CPU.Build.0 = Debug|Any CPU
		{E45BB3BA-8578-462F-8FB3-BF19EC5314A2}.Release|Any CPU.ActiveCfg = Release|Any CPU
		{E45BB3BA-8578-462F-8FB3-BF19EC5314A2}.Release|Any CPU.Build.0 = Release|Any CPU
	EndGlobalSection
	GlobalSection(SolutionProperties) = preSolution
		HideSolutionNode = FALSE
	EndGlobalSection
	GlobalSection(ExtensibilityGlobals) = postSolution
		SolutionGuid = {118031D8-77E6-4E2D-B982-934F31E197AF}
	EndGlobalSection
EndGlobal
